
Microsoft Visual Studio Solution File, Format Version 12.00
# Visual Studio 2013
VisualStudioVersion = 12.0.30501.0
MinimumVisualStudioVersion = 10.0.40219.1
Project("{FAE04EC0-301F-11D3-BF4B-00C04F79EFBC}") = "G4P.UsagePatterns.Web", "G4P.UsagePatterns.Web\G4P.UsagePatterns.Web.csproj", "{7530F6F5-A2B2-4176-BE18-06E1D7DBF5C8}"
EndProject
Project("{FAE04EC0-301F-11D3-BF4B-00C04F79EFBC}") = "G4P.Face.Models", "G4P.Face.Models\G4P.Face.Models.csproj", "{57898500-DDF5-4EA8-9815-C750907D18AE}"
EndProject
Project("{FAE04EC0-301F-11D3-BF4B-00C04F79EFBC}") = "G4P.Face.Repositories", "G4P.Face.Repositories\G4P.Face.Repositories.csproj", "{19CE0DC6-3213-4B7F-A524-C33A5DC32F57}"
EndProject
Project("{9092AA53-FB77-4645-B42D-1CCCA6BD08BD}") = "g4p-iat-web", "g4p-iat-web\g4p-iat-web.njsproj", "{F451A2B2-B15D-439C-AD3E-5C4DDCBF8913}"
EndProject
Global
	GlobalSection(SolutionConfigurationPlatforms) = preSolution
		Debug|Any CPU = Debug|Any CPU
		Release|Any CPU = Release|Any CPU
	EndGlobalSection
	GlobalSection(ProjectConfigurationPlatforms) = postSolution
		{7530F6F5-A2B2-4176-BE18-06E1D7DBF5C8}.Debug|Any CPU.ActiveCfg = Debug|Any CPU
		{7530F6F5-A2B2-4176-BE18-06E1D7DBF5C8}.Debug|Any CPU.Build.0 = Debug|Any CPU
		{7530F6F5-A2B2-4176-BE18-06E1D7DBF5C8}.Release|Any CPU.ActiveCfg = Release|Any CPU
		{7530F6F5-A2B2-4176-BE18-06E1D7DBF5C8}.Release|Any CPU.Build.0 = Release|Any CPU
		{57898500-DDF5-4EA8-9815-C750907D18AE}.Debug|Any CPU.ActiveCfg = Debug|Any CPU
		{57898500-DDF5-4EA8-9815-C750907D18AE}.Debug|Any CPU.Build.0 = Debug|Any CPU
		{57898500-DDF5-4EA8-9815-C750907D18AE}.Release|Any CPU.ActiveCfg = Release|Any CPU
		{57898500-DDF5-4EA8-9815-C750907D18AE}.Release|Any CPU.Build.0 = Release|Any CPU
		{19CE0DC6-3213-4B7F-A524-C33A5DC32F57}.Debug|Any CPU.ActiveCfg = Debug|Any CPU
		{19CE0DC6-3213-4B7F-A524-C33A5DC32F57}.Debug|Any CPU.Build.0 = Debug|Any CPU
		{19CE0DC6-3213-4B7F-A524-C33A5DC32F57}.Release|Any CPU.ActiveCfg = Release|Any CPU
		{19CE0DC6-3213-4B7F-A524-C33A5DC32F57}.Release|Any CPU.Build.0 = Release|Any CPU
		{F451A2B2-B15D-439C-AD3E-5C4DDCBF8913}.Debug|Any CPU.ActiveCfg = Debug|Any CPU
		{F451A2B2-B15D-439C-AD3E-5C4DDCBF8913}.Debug|Any CPU.Build.0 = Debug|Any CPU
		{F451A2B2-B15D-439C-AD3E-5C4DDCBF8913}.Release|Any CPU.ActiveCfg = Release|Any CPU
		{F451A2B2-B15D-439C-AD3E-5C4DDCBF8913}.Release|Any CPU.Build.0 = Release|Any CPU
	EndGlobalSection
	GlobalSection(SolutionProperties) = preSolution
		HideSolutionNode = FALSE
	EndGlobalSection
EndGlobal
